
Microsoft Visual Studio Solution File, Format Version 12.00
# Visual Studio Version 17
VisualStudioVersion = 17.10.35004.147
MinimumVisualStudioVersion = 10.0.40219.1
Project("{9A19103F-16F7-4668-BE54-9A1E7A4F7556}") = "ServisVozila", "Blagajna\ServisVozila.csproj", "{8EF33100-2EEC-40FA-9B7B-B6CCA72F2CE4}"
EndProject
Global
	GlobalSection(SolutionConfigurationPlatforms) = preSolution
		Debug|Any CPU = Debug|Any CPU
		Release|Any CPU = Release|Any CPU
	EndGlobalSection
	GlobalSection(ProjectConfigurationPlatforms) = postSolution
		{8EF33100-2EEC-40FA-9B7B-B6CCA72F2CE4}.Debug|Any CPU.ActiveCfg = Debug|Any CPU
		{8EF33100-2EEC-40FA-9B7B-B6CCA72F2CE4}.Debug|Any CPU.Build.0 = Debug|Any CPU
		{8EF33100-2EEC-40FA-9B7B-B6CCA72F2CE4}.Release|Any CPU.ActiveCfg = Release|Any CPU
		{8EF33100-2EEC-40FA-9B7B-B6CCA72F2CE4}.Release|Any CPU.Build.0 = Release|Any CPU
	EndGlobalSection
	GlobalSection(SolutionProperties) = preSolution
		HideSolutionNode = FALSE
	EndGlobalSection
	GlobalSection(ExtensibilityGlobals) = postSolution
		SolutionGuid = {D7F55409-3883-49F6-A6C2-E02A7D22B1A3}
	EndGlobalSection
EndGlobal
