
Microsoft Visual Studio Solution File, Format Version 12.00
# Visual Studio Version 17
VisualStudioVersion = 17.10.35004.147
MinimumVisualStudioVersion = 10.0.40219.1
Project("{FAE04EC0-301F-11D3-BF4B-00C04F79EFBC}") = "ServisVozila", "ServisVozila\ServisVozila.csproj", "{A18E9392-CD4F-4613-9D1D-E450ABE71D71}"
EndProject
Global
	GlobalSection(SolutionConfigurationPlatforms) = preSolution
		Debug|Any CPU = Debug|Any CPU
		Release|Any CPU = Release|Any CPU
	EndGlobalSection
	GlobalSection(ProjectConfigurationPlatforms) = postSolution
		{A18E9392-CD4F-4613-9D1D-E450ABE71D71}.Debug|Any CPU.ActiveCfg = Debug|Any CPU
		{A18E9392-CD4F-4613-9D1D-E450ABE71D71}.Debug|Any CPU.Build.0 = Debug|Any CPU
		{A18E9392-CD4F-4613-9D1D-E450ABE71D71}.Release|Any CPU.ActiveCfg = Release|Any CPU
		{A18E9392-CD4F-4613-9D1D-E450ABE71D71}.Release|Any CPU.Build.0 = Release|Any CPU
	EndGlobalSection
	GlobalSection(SolutionProperties) = preSolution
		HideSolutionNode = FALSE
	EndGlobalSection
	GlobalSection(ExtensibilityGlobals) = postSolution
		SolutionGuid = {70CE17B2-DE52-41AE-9EE5-7B8A51E5FC64}
	EndGlobalSection
EndGlobal
